
Microsoft Visual Studio Solution File, Format Version 12.00
# Visual Studio Version 16
VisualStudioVersion = 16.0.29609.76
MinimumVisualStudioVersion = 10.0.40219.1
Project("{2150E333-8FDC-42A3-9474-1A3956D46DE8}") = "BusinessLogic", "BusinessLogic", "{F8E9EB9A-67E7-41AA-9636-03D5CED56DD2}"
EndProject
Project("{2150E333-8FDC-42A3-9474-1A3956D46DE8}") = "CQRS", "CQRS", "{1E0E0472-6A32-4FA6-A630-61681012DF8B}"
EndProject
Project("{2150E333-8FDC-42A3-9474-1A3956D46DE8}") = "Infrastructure", "Infrastructure", "{F8EDD8BF-9970-41A7-AED0-A4C0C049CD18}"
EndProject
Project("{9A19103F-16F7-4668-BE54-9A1E7A4F7556}") = "AzureServiceBusManager", "AzureServiceBusManager\AzureServiceBusManager.csproj", "{47C50C99-A124-4061-B48E-EA2390826B7C}"
EndProject
Project("{9A19103F-16F7-4668-BE54-9A1E7A4F7556}") = "ServiceBusListener", "ServiceBusListener\ServiceBusListener.csproj", "{42C99294-3BE7-4905-A2FA-AA78830C0F54}"
EndProject
Project("{9A19103F-16F7-4668-BE54-9A1E7A4F7556}") = "CQRSFramework", "CQRSFramework\CQRSFramework.csproj", "{8D946E0C-F42E-4628-8F93-E5FF70B895CB}"
EndProject
Project("{9A19103F-16F7-4668-BE54-9A1E7A4F7556}") = "Brokers.Core", "Broker.Core\Brokers.Core.csproj", "{A50E7FED-DC7C-4FE0-9D8D-0234EE15B8A5}"
EndProject
Project("{9A19103F-16F7-4668-BE54-9A1E7A4F7556}") = "MongoDBUtilities", "MongoDBUtilities\MongoDBUtilities.csproj", "{0D67F549-0D7F-4875-9BC2-55BCE49C2955}"
EndProject
Project("{9A19103F-16F7-4668-BE54-9A1E7A4F7556}") = "Claims.Core", "Claims.Core\Claims.Core.csproj", "{93D13077-4A23-48F2-BFEB-B5212A6212A8}"
EndProject
Project("{2150E333-8FDC-42A3-9474-1A3956D46DE8}") = "PerformanceTests", "PerformanceTests", "{A7118501-E7F2-425D-83A4-9FD540717C5A}"
EndProject
Project("{9A19103F-16F7-4668-BE54-9A1E7A4F7556}") = "Claims.Core.Tests", "Claims.Core.Tests\Claims.Core.Tests.csproj", "{28B87F25-512F-4FA0-A527-5C6C465E0E7F}"
EndProject
Project("{2150E333-8FDC-42A3-9474-1A3956D46DE8}") = "ServiceFabric", "ServiceFabric", "{EAFEE075-A315-43F4-9D0F-E87CAC431805}"
EndProject
Project("{151D2E53-A2C4-4D7D-83FE-D05416EBD58E}") = "AzureDeploy", "AzureDeploy\AzureDeploy.deployproj", "{E6EC5865-1C5C-47F4-92B9-0C2D9D671F82}"
EndProject
Project("{2150E333-8FDC-42A3-9474-1A3956D46DE8}") = "ZZ_DesignPatternExamples", "ZZ_DesignPatternExamples", "{F2643AF1-87EC-4FF8-B16B-1E394C117017}"
EndProject
Project("{9A19103F-16F7-4668-BE54-9A1E7A4F7556}") = "DesignPatterns", "DesignPatterns\DesignPatterns.csproj", "{179F8032-46D6-4E67-98B3-F26C87C11678}"
EndProject
Project("{9A19103F-16F7-4668-BE54-9A1E7A4F7556}") = "AzureADAuthenticationUtilities", "AzureADAuthenticationUtilities\AzureADAuthenticationUtilities.csproj", "{11F2574D-F1D6-4582-B4B4-873E2161934E}"
EndProject
Project("{9A19103F-16F7-4668-BE54-9A1E7A4F7556}") = "GatewayApi2", "GatewayApi2\GatewayApi2.csproj", "{A18058F4-AF6E-40B3-8CD9-5EA9B885FB90}"
EndProject
Project("{9A19103F-16F7-4668-BE54-9A1E7A4F7556}") = "CustomerAPI2", "CustomerAPI2\CustomerAPI2.csproj", "{4CC7BC7C-F644-4DE4-8641-FE301ACA53D7}"
EndProject
Project("{2150E333-8FDC-42A3-9474-1A3956D46DE8}") = "APIM", "APIM", "{6943CCCC-405C-4B4E-A0E9-4DCB273CB60C}"
EndProject
Project("{9A19103F-16F7-4668-BE54-9A1E7A4F7556}") = "APIM-ProductAPI01", "APIM-ProductAPI01\APIM-ProductAPI01.csproj", "{D63CB11A-859E-4DF9-A7FD-9307E5BAD9DD}"
EndProject
Project("{9A19103F-16F7-4668-BE54-9A1E7A4F7556}") = "APIM-ProductAPI02", "APIM-ProductAPI02\APIM-ProductAPI02.csproj", "{A785324C-F8C7-4B10-8423-DA24AA448BC2}"
EndProject
Project("{2150E333-8FDC-42A3-9474-1A3956D46DE8}") = "VNET", "VNET", "{D45A9120-2EBF-4731-B59A-853FB4D8633B}"
EndProject
Project("{9A19103F-16F7-4668-BE54-9A1E7A4F7556}") = "VNET.WebAPI.Public", "VNET.WebAPI.Public\VNET.WebAPI.Public.csproj", "{63152D66-2078-40C7-BD70-34F20D94B989}"
EndProject
Project("{9A19103F-16F7-4668-BE54-9A1E7A4F7556}") = "VNET.WebAPI.Private", "VNET.WebAPI.Private\VNET.WebAPI.Private.csproj", "{EB218423-BD7F-4AA0-BA96-9B451E6B1905}"
EndProject
Project("{9A19103F-16F7-4668-BE54-9A1E7A4F7556}") = "VNET.FunctionApp.Private", "VNET.FunctionApp.Private\VNET.FunctionApp.Private.csproj", "{8DD77EB0-1A41-4233-928B-AE4706EE74F1}"
EndProject
Project("{2150E333-8FDC-42A3-9474-1A3956D46DE8}") = "Scripts", "Scripts", "{C3D0320E-9C3B-4E9B-BA9D-D10125F29AB5}"
	ProjectSection(SolutionItems) = preProject
		JoinDelegatingVnet.ps1 = JoinDelegatingVnet.ps1
	EndProjectSection
EndProject
Global
	GlobalSection(SolutionConfigurationPlatforms) = preSolution
		Debug|Any CPU = Debug|Any CPU
		Release|Any CPU = Release|Any CPU
	EndGlobalSection
	GlobalSection(ProjectConfigurationPlatforms) = postSolution
		{47C50C99-A124-4061-B48E-EA2390826B7C}.Debug|Any CPU.ActiveCfg = Debug|Any CPU
		{47C50C99-A124-4061-B48E-EA2390826B7C}.Debug|Any CPU.Build.0 = Debug|Any CPU
		{47C50C99-A124-4061-B48E-EA2390826B7C}.Release|Any CPU.ActiveCfg = Release|Any CPU
		{47C50C99-A124-4061-B48E-EA2390826B7C}.Release|Any CPU.Build.0 = Release|Any CPU
		{42C99294-3BE7-4905-A2FA-AA78830C0F54}.Debug|Any CPU.ActiveCfg = Debug|Any CPU
		{42C99294-3BE7-4905-A2FA-AA78830C0F54}.Debug|Any CPU.Build.0 = Debug|Any CPU
		{42C99294-3BE7-4905-A2FA-AA78830C0F54}.Release|Any CPU.ActiveCfg = Release|Any CPU
		{42C99294-3BE7-4905-A2FA-AA78830C0F54}.Release|Any CPU.Build.0 = Release|Any CPU
		{8D946E0C-F42E-4628-8F93-E5FF70B895CB}.Debug|Any CPU.ActiveCfg = Debug|Any CPU
		{8D946E0C-F42E-4628-8F93-E5FF70B895CB}.Debug|Any CPU.Build.0 = Debug|Any CPU
		{8D946E0C-F42E-4628-8F93-E5FF70B895CB}.Release|Any CPU.ActiveCfg = Release|Any CPU
		{8D946E0C-F42E-4628-8F93-E5FF70B895CB}.Release|Any CPU.Build.0 = Release|Any CPU
		{A50E7FED-DC7C-4FE0-9D8D-0234EE15B8A5}.Debug|Any CPU.ActiveCfg = Debug|Any CPU
		{A50E7FED-DC7C-4FE0-9D8D-0234EE15B8A5}.Debug|Any CPU.Build.0 = Debug|Any CPU
		{A50E7FED-DC7C-4FE0-9D8D-0234EE15B8A5}.Release|Any CPU.ActiveCfg = Release|Any CPU
		{A50E7FED-DC7C-4FE0-9D8D-0234EE15B8A5}.Release|Any CPU.Build.0 = Release|Any CPU
		{0D67F549-0D7F-4875-9BC2-55BCE49C2955}.Debug|Any CPU.ActiveCfg = Debug|Any CPU
		{0D67F549-0D7F-4875-9BC2-55BCE49C2955}.Debug|Any CPU.Build.0 = Debug|Any CPU
		{0D67F549-0D7F-4875-9BC2-55BCE49C2955}.Release|Any CPU.ActiveCfg = Release|Any CPU
		{0D67F549-0D7F-4875-9BC2-55BCE49C2955}.Release|Any CPU.Build.0 = Release|Any CPU
		{93D13077-4A23-48F2-BFEB-B5212A6212A8}.Debug|Any CPU.ActiveCfg = Debug|Any CPU
		{93D13077-4A23-48F2-BFEB-B5212A6212A8}.Debug|Any CPU.Build.0 = Debug|Any CPU
		{93D13077-4A23-48F2-BFEB-B5212A6212A8}.Release|Any CPU.ActiveCfg = Release|Any CPU
		{93D13077-4A23-48F2-BFEB-B5212A6212A8}.Release|Any CPU.Build.0 = Release|Any CPU
		{28B87F25-512F-4FA0-A527-5C6C465E0E7F}.Debug|Any CPU.ActiveCfg = Debug|Any CPU
		{28B87F25-512F-4FA0-A527-5C6C465E0E7F}.Debug|Any CPU.Build.0 = Debug|Any CPU
		{28B87F25-512F-4FA0-A527-5C6C465E0E7F}.Release|Any CPU.ActiveCfg = Release|Any CPU
		{28B87F25-512F-4FA0-A527-5C6C465E0E7F}.Release|Any CPU.Build.0 = Release|Any CPU
		{E6EC5865-1C5C-47F4-92B9-0C2D9D671F82}.Debug|Any CPU.ActiveCfg = Debug|Any CPU
		{E6EC5865-1C5C-47F4-92B9-0C2D9D671F82}.Debug|Any CPU.Build.0 = Debug|Any CPU
		{E6EC5865-1C5C-47F4-92B9-0C2D9D671F82}.Release|Any CPU.ActiveCfg = Release|Any CPU
		{E6EC5865-1C5C-47F4-92B9-0C2D9D671F82}.Release|Any CPU.Build.0 = Release|Any CPU
		{179F8032-46D6-4E67-98B3-F26C87C11678}.Debug|Any CPU.ActiveCfg = Debug|Any CPU
		{179F8032-46D6-4E67-98B3-F26C87C11678}.Debug|Any CPU.Build.0 = Debug|Any CPU
		{179F8032-46D6-4E67-98B3-F26C87C11678}.Release|Any CPU.ActiveCfg = Release|Any CPU
		{179F8032-46D6-4E67-98B3-F26C87C11678}.Release|Any CPU.Build.0 = Release|Any CPU
		{11F2574D-F1D6-4582-B4B4-873E2161934E}.Debug|Any CPU.ActiveCfg = Debug|Any CPU
		{11F2574D-F1D6-4582-B4B4-873E2161934E}.Debug|Any CPU.Build.0 = Debug|Any CPU
		{11F2574D-F1D6-4582-B4B4-873E2161934E}.Release|Any CPU.ActiveCfg = Release|Any CPU
		{11F2574D-F1D6-4582-B4B4-873E2161934E}.Release|Any CPU.Build.0 = Release|Any CPU
		{A18058F4-AF6E-40B3-8CD9-5EA9B885FB90}.Debug|Any CPU.ActiveCfg = Debug|Any CPU
		{A18058F4-AF6E-40B3-8CD9-5EA9B885FB90}.Debug|Any CPU.Build.0 = Debug|Any CPU
		{A18058F4-AF6E-40B3-8CD9-5EA9B885FB90}.Release|Any CPU.ActiveCfg = Release|Any CPU
		{A18058F4-AF6E-40B3-8CD9-5EA9B885FB90}.Release|Any CPU.Build.0 = Release|Any CPU
		{4CC7BC7C-F644-4DE4-8641-FE301ACA53D7}.Debug|Any CPU.ActiveCfg = Debug|Any CPU
		{4CC7BC7C-F644-4DE4-8641-FE301ACA53D7}.Debug|Any CPU.Build.0 = Debug|Any CPU
		{4CC7BC7C-F644-4DE4-8641-FE301ACA53D7}.Release|Any CPU.ActiveCfg = Release|Any CPU
		{4CC7BC7C-F644-4DE4-8641-FE301ACA53D7}.Release|Any CPU.Build.0 = Release|Any CPU
		{D63CB11A-859E-4DF9-A7FD-9307E5BAD9DD}.Debug|Any CPU.ActiveCfg = Debug|Any CPU
		{D63CB11A-859E-4DF9-A7FD-9307E5BAD9DD}.Debug|Any CPU.Build.0 = Debug|Any CPU
		{D63CB11A-859E-4DF9-A7FD-9307E5BAD9DD}.Release|Any CPU.ActiveCfg = Release|Any CPU
		{D63CB11A-859E-4DF9-A7FD-9307E5BAD9DD}.Release|Any CPU.Build.0 = Release|Any CPU
		{A785324C-F8C7-4B10-8423-DA24AA448BC2}.Debug|Any CPU.ActiveCfg = Debug|Any CPU
		{A785324C-F8C7-4B10-8423-DA24AA448BC2}.Debug|Any CPU.Build.0 = Debug|Any CPU
		{A785324C-F8C7-4B10-8423-DA24AA448BC2}.Release|Any CPU.ActiveCfg = Release|Any CPU
		{A785324C-F8C7-4B10-8423-DA24AA448BC2}.Release|Any CPU.Build.0 = Release|Any CPU
		{63152D66-2078-40C7-BD70-34F20D94B989}.Debug|Any CPU.ActiveCfg = Debug|Any CPU
		{63152D66-2078-40C7-BD70-34F20D94B989}.Debug|Any CPU.Build.0 = Debug|Any CPU
		{63152D66-2078-40C7-BD70-34F20D94B989}.Release|Any CPU.ActiveCfg = Release|Any CPU
		{63152D66-2078-40C7-BD70-34F20D94B989}.Release|Any CPU.Build.0 = Release|Any CPU
		{EB218423-BD7F-4AA0-BA96-9B451E6B1905}.Debug|Any CPU.ActiveCfg = Debug|Any CPU
		{EB218423-BD7F-4AA0-BA96-9B451E6B1905}.Debug|Any CPU.Build.0 = Debug|Any CPU
		{EB218423-BD7F-4AA0-BA96-9B451E6B1905}.Release|Any CPU.ActiveCfg = Release|Any CPU
		{EB218423-BD7F-4AA0-BA96-9B451E6B1905}.Release|Any CPU.Build.0 = Release|Any CPU
		{8DD77EB0-1A41-4233-928B-AE4706EE74F1}.Debug|Any CPU.ActiveCfg = Debug|Any CPU
		{8DD77EB0-1A41-4233-928B-AE4706EE74F1}.Debug|Any CPU.Build.0 = Debug|Any CPU
		{8DD77EB0-1A41-4233-928B-AE4706EE74F1}.Release|Any CPU.ActiveCfg = Release|Any CPU
		{8DD77EB0-1A41-4233-928B-AE4706EE74F1}.Release|Any CPU.Build.0 = Release|Any CPU
	EndGlobalSection
	GlobalSection(SolutionProperties) = preSolution
		HideSolutionNode = FALSE
	EndGlobalSection
	GlobalSection(NestedProjects) = preSolution
		{1E0E0472-6A32-4FA6-A630-61681012DF8B} = {F8E9EB9A-67E7-41AA-9636-03D5CED56DD2}
		{47C50C99-A124-4061-B48E-EA2390826B7C} = {F8EDD8BF-9970-41A7-AED0-A4C0C049CD18}
		{8D946E0C-F42E-4628-8F93-E5FF70B895CB} = {1E0E0472-6A32-4FA6-A630-61681012DF8B}
		{A50E7FED-DC7C-4FE0-9D8D-0234EE15B8A5} = {F8E9EB9A-67E7-41AA-9636-03D5CED56DD2}
		{0D67F549-0D7F-4875-9BC2-55BCE49C2955} = {F8EDD8BF-9970-41A7-AED0-A4C0C049CD18}
		{93D13077-4A23-48F2-BFEB-B5212A6212A8} = {F8E9EB9A-67E7-41AA-9636-03D5CED56DD2}
		{28B87F25-512F-4FA0-A527-5C6C465E0E7F} = {A7118501-E7F2-425D-83A4-9FD540717C5A}
		{179F8032-46D6-4E67-98B3-F26C87C11678} = {F2643AF1-87EC-4FF8-B16B-1E394C117017}
		{D63CB11A-859E-4DF9-A7FD-9307E5BAD9DD} = {6943CCCC-405C-4B4E-A0E9-4DCB273CB60C}
		{A785324C-F8C7-4B10-8423-DA24AA448BC2} = {6943CCCC-405C-4B4E-A0E9-4DCB273CB60C}
		{63152D66-2078-40C7-BD70-34F20D94B989} = {D45A9120-2EBF-4731-B59A-853FB4D8633B}
		{EB218423-BD7F-4AA0-BA96-9B451E6B1905} = {D45A9120-2EBF-4731-B59A-853FB4D8633B}
		{8DD77EB0-1A41-4233-928B-AE4706EE74F1} = {D45A9120-2EBF-4731-B59A-853FB4D8633B}
		{C3D0320E-9C3B-4E9B-BA9D-D10125F29AB5} = {D45A9120-2EBF-4731-B59A-853FB4D8633B}
	EndGlobalSection
	GlobalSection(ExtensibilityGlobals) = postSolution
		SolutionGuid = {C760B636-EBD9-4120-90BF-D8AADAACEB06}
	EndGlobalSection
EndGlobal
